
Microsoft Visual Studio Solution File, Format Version 12.00
# Visual Studio Version 16
VisualStudioVersion = 16.0.30413.136
MinimumVisualStudioVersion = 10.0.40219.1
Project("{888888A0-9F3D-457C-B088-3A5042F75D52}") = "Priceing Change", "Priceing Change\Priceing Change.pyproj", "{345B3A13-211C-4BDA-890E-6FD0E065239E}"
EndProject
Global
	GlobalSection(SolutionConfigurationPlatforms) = preSolution
		Debug|Any CPU = Debug|Any CPU
		Release|Any CPU = Release|Any CPU
	EndGlobalSection
	GlobalSection(ProjectConfigurationPlatforms) = postSolution
		{345B3A13-211C-4BDA-890E-6FD0E065239E}.Debug|Any CPU.ActiveCfg = Debug|Any CPU
		{345B3A13-211C-4BDA-890E-6FD0E065239E}.Release|Any CPU.ActiveCfg = Release|Any CPU
	EndGlobalSection
	GlobalSection(SolutionProperties) = preSolution
		HideSolutionNode = FALSE
	EndGlobalSection
	GlobalSection(ExtensibilityGlobals) = postSolution
		SolutionGuid = {92421187-CED9-42B1-9478-77D08B0D79F9}
	EndGlobalSection
EndGlobal
